
Microsoft Visual Studio Solution File, Format Version 12.00
# Visual Studio 15
VisualStudioVersion = 15.0.28010.2019
MinimumVisualStudioVersion = 10.0.40219.1
Project("{FAE04EC0-301F-11D3-BF4B-00C04F79EFBC}") = "question4", "question4\question4.csproj", "{1DD9990C-C64A-44C5-BFA8-DCE175254F70}"
EndProject
Global
	GlobalSection(SolutionConfigurationPlatforms) = preSolution
		Debug|Any CPU = Debug|Any CPU
		Release|Any CPU = Release|Any CPU
	EndGlobalSection
	GlobalSection(ProjectConfigurationPlatforms) = postSolution
		{1DD9990C-C64A-44C5-BFA8-DCE175254F70}.Debug|Any CPU.ActiveCfg = Debug|Any CPU
		{1DD9990C-C64A-44C5-BFA8-DCE175254F70}.Debug|Any CPU.Build.0 = Debug|Any CPU
		{1DD9990C-C64A-44C5-BFA8-DCE175254F70}.Release|Any CPU.ActiveCfg = Release|Any CPU
		{1DD9990C-C64A-44C5-BFA8-DCE175254F70}.Release|Any CPU.Build.0 = Release|Any CPU
	EndGlobalSection
	GlobalSection(SolutionProperties) = preSolution
		HideSolutionNode = FALSE
	EndGlobalSection
	GlobalSection(ExtensibilityGlobals) = postSolution
		SolutionGuid = {DAB894E5-374E-4D74-A809-5CF71299FE69}
	EndGlobalSection
EndGlobal
